
Microsoft Visual Studio Solution File, Format Version 12.00
# Visual Studio 15
VisualStudioVersion = 15.0.27428.2015
MinimumVisualStudioVersion = 10.0.40219.1
Project("{00D1A9C2-B5F0-4AF3-8072-F6C62B433612}") = "NameRegistryDatabase", "NameRegistryDatabase\NameRegistryDatabase.sqlproj", "{4A264520-1C01-4454-A8E7-15DD12C5FB16}"
EndProject
Global
	GlobalSection(SolutionConfigurationPlatforms) = preSolution
		Debug|Any CPU = Debug|Any CPU
		Release|Any CPU = Release|Any CPU
	EndGlobalSection
	GlobalSection(ProjectConfigurationPlatforms) = postSolution
		{4A264520-1C01-4454-A8E7-15DD12C5FB16}.Debug|Any CPU.ActiveCfg = Debug|Any CPU
		{4A264520-1C01-4454-A8E7-15DD12C5FB16}.Debug|Any CPU.Build.0 = Debug|Any CPU
		{4A264520-1C01-4454-A8E7-15DD12C5FB16}.Debug|Any CPU.Deploy.0 = Debug|Any CPU
		{4A264520-1C01-4454-A8E7-15DD12C5FB16}.Release|Any CPU.ActiveCfg = Release|Any CPU
		{4A264520-1C01-4454-A8E7-15DD12C5FB16}.Release|Any CPU.Build.0 = Release|Any CPU
		{4A264520-1C01-4454-A8E7-15DD12C5FB16}.Release|Any CPU.Deploy.0 = Release|Any CPU
	EndGlobalSection
	GlobalSection(SolutionProperties) = preSolution
		HideSolutionNode = FALSE
	EndGlobalSection
	GlobalSection(ExtensibilityGlobals) = postSolution
		SolutionGuid = {D0747A89-ABBF-42FB-A324-36D59601628B}
	EndGlobalSection
EndGlobal
